
Microsoft Visual Studio Solution File, Format Version 12.00
# Visual Studio Version 17
VisualStudioVersion = 17.13.35931.197 d17.13
MinimumVisualStudioVersion = 10.0.40219.1
Project("{FAE04EC0-301F-11D3-BF4B-00C04F79EFBC}") = "ATCSHARP", "ATCSHARP\ATCSHARP.csproj", "{C7B173C0-CE3D-4BB5-B951-7C04F14B28B9}"
EndProject
Global
	GlobalSection(SolutionConfigurationPlatforms) = preSolution
		Debug|Any CPU = Debug|Any CPU
		Release|Any CPU = Release|Any CPU
	EndGlobalSection
	GlobalSection(ProjectConfigurationPlatforms) = postSolution
		{C7B173C0-CE3D-4BB5-B951-7C04F14B28B9}.Debug|Any CPU.ActiveCfg = Debug|Any CPU
		{C7B173C0-CE3D-4BB5-B951-7C04F14B28B9}.Debug|Any CPU.Build.0 = Debug|Any CPU
		{C7B173C0-CE3D-4BB5-B951-7C04F14B28B9}.Release|Any CPU.ActiveCfg = Release|Any CPU
		{C7B173C0-CE3D-4BB5-B951-7C04F14B28B9}.Release|Any CPU.Build.0 = Release|Any CPU
	EndGlobalSection
	GlobalSection(SolutionProperties) = preSolution
		HideSolutionNode = FALSE
	EndGlobalSection
	GlobalSection(ExtensibilityGlobals) = postSolution
		SolutionGuid = {1A4493DA-E1E1-4F90-BB7B-6C75F9B5FB05}
	EndGlobalSection
EndGlobal
